// !$*UTF8*$!
{
	archiveVersion = 1;
	classes = {
	};
	objectVersion = 46;
	objects = {

/* Begin PBXBuildFile section */
		1547C6A119748DDD0018BCEE /* main.m in Sources */ = {isa = PBXBuildFile; fileRef = 1547C6A019748DDD0018BCEE /* main.m */; };
		1547C6A419748DDD0018BCEE /* AppDelegate.m in Sources */ = {isa = PBXBuildFile; fileRef = 1547C6A319748DDD0018BCEE /* AppDelegate.m */; };
		1547C6A619748DDD0018BCEE /* Images.xcassets in Resources */ = {isa = PBXBuildFile; fileRef = 1547C6A519748DDD0018BCEE /* Images.xcassets */; };
		1547C6A919748DDD0018BCEE /* MainMenu.xib in Resources */ = {isa = PBXBuildFile; fileRef = 1547C6A719748DDD0018BCEE /* MainMenu.xib */; };
		1547C6B519748DDE0018BCEE /* RunLooperWithPortMessagingTests.m in Sources */ = {isa = PBXBuildFile; fileRef = 1547C6B419748DDE0018BCEE /* RunLooperWithPortMessagingTests.m */; };
/* End PBXBuildFile section */

/* Begin PBXContainerItemProxy section */
		1547C6AF19748DDE0018BCEE /* PBXContainerItemProxy */ = {
			isa = PBXContainerItemProxy;
			containerPortal = 1547C69319748DDD0018BCEE /* Project object */;
			proxyType = 1;
			remoteGlobalIDString = 1547C69A19748DDD0018BCEE;
			remoteInfo = RunLooperWithPortMessaging;
		};
/* End PBXContainerItemProxy section */

/* Begin PBXFileReference section */
		1547C69B19748DDD0018BCEE /* RunLooperWithPortMessaging.app */ = {isa = PBXFileReference; explicitFileType = wrapper.application; includeInIndex = 0; path = RunLooperWithPortMessaging.app; sourceTree = BUILT_PRODUCTS_DIR; };
		1547C69F19748DDD0018BCEE /* Info.plist */ = {isa = PBXFileReference; lastKnownFileType = text.plist.xml; path = Info.plist; sourceTree = "<group>"; };
		1547C6A019748DDD0018BCEE /* main.m */ = {isa = PBXFileReference; lastKnownFileType = sourcecode.c.objc; path = main.m; sourceTree = "<group>"; };
		1547C6A219748DDD0018BCEE /* AppDelegate.h */ = {isa = PBXFileReference; lastKnownFileType = sourcecode.c.h; path = AppDelegate.h; sourceTree = "<group>"; };
		1547C6A319748DDD0018BCEE /* AppDelegate.m */ = {isa = PBXFileReference; lastKnownFileType = sourcecode.c.objc; path = AppDelegate.m; sourceTree = "<group>"; };
		1547C6A519748DDD0018BCEE /* Images.xcassets */ = {isa = PBXFileReference; lastKnownFileType = folder.assetcatalog; path = Images.xcassets; sourceTree = "<group>"; };
		1547C6A819748DDD0018BCEE /* Base */ = {isa = PBXFileReference; lastKnownFileType = file.xib; name = Base; path = Base.lproj/MainMenu.xib; sourceTree = "<group>"; };
		1547C6AE19748DDE0018BCEE /* RunLooperWithPortMessagingTests.xctest */ = {isa = PBXFileReference; explicitFileType = wrapper.cfbundle; includeInIndex = 0; path = RunLooperWithPortMessagingTests.xctest; sourceTree = BUILT_PRODUCTS_DIR; };
		1547C6B319748DDE0018BCEE /* Info.plist */ = {isa = PBXFileReference; lastKnownFileType = text.plist.xml; path = Info.plist; sourceTree = "<group>"; };
		1547C6B419748DDE0018BCEE /* RunLooperWithPortMessagingTests.m */ = {isa = PBXFileReference; lastKnownFileType = sourcecode.c.objc; path = RunLooperWithPortMessagingTests.m; sourceTree = "<group>"; };
/* End PBXFileReference section */

/* Begin PBXFrameworksBuildPhase section */
		1547C69819748DDD0018BCEE /* Frameworks */ = {
			isa = PBXFrameworksBuildPhase;
			buildActionMask = 2147483647;
			files = (
			);
			runOnlyForDeploymentPostprocessing = 0;
		};
		1547C6AB19748DDE0018BCEE /* Frameworks */ = {
			isa = PBXFrameworksBuildPhase;
			buildActionMask = 2147483647;
			files = (
			);
			runOnlyForDeploymentPostprocessing = 0;
		};
/* End PBXFrameworksBuildPhase section */

/* Begin PBXGroup section */
		1547C69219748DDD0018BCEE = {
			isa = PBXGroup;
			children = (
				1547C69D19748DDD0018BCEE /* RunLooperWithPortMessaging */,
				1547C6B119748DDE0018BCEE /* RunLooperWithPortMessagingTests */,
				1547C69C19748DDD0018BCEE /* Products */,
			);
			sourceTree = "<group>";
		};
		1547C69C19748DDD0018BCEE /* Products */ = {
			isa = PBXGroup;
			children = (
				1547C69B19748DDD0018BCEE /* RunLooperWithPortMessaging.app */,
				1547C6AE19748DDE0018BCEE /* RunLooperWithPortMessagingTests.xctest */,
			);
			name = Products;
			sourceTree = "<group>";
		};
		1547C69D19748DDD0018BCEE /* RunLooperWithPortMessaging */ = {
			isa = PBXGroup;
			children = (
				1547C6A219748DDD0018BCEE /* AppDelegate.h */,
				1547C6A319748DDD0018BCEE /* AppDelegate.m */,
				1547C6A519748DDD0018BCEE /* Images.xcassets */,
				1547C6A719748DDD0018BCEE /* MainMenu.xib */,
				1547C69E19748DDD0018BCEE /* Supporting Files */,
			);
			path = RunLooperWithPortMessaging;
			sourceTree = "<group>";
		};
		1547C69E19748DDD0018BCEE /* Supporting Files */ = {
			isa = PBXGroup;
			children = (
				1547C69F19748DDD0018BCEE /* Info.plist */,
				1547C6A019748DDD0018BCEE /* main.m */,
			);
			name = "Supporting Files";
			sourceTree = "<group>";
		};
		1547C6B119748DDE0018BCEE /* RunLooperWithPortMessagingTests */ = {
			isa = PBXGroup;
			children = (
				1547C6B419748DDE0018BCEE /* RunLooperWithPortMessagingTests.m */,
				1547C6B219748DDE0018BCEE /* Supporting Files */,
			);
			path = RunLooperWithPortMessagingTests;
			sourceTree = "<group>";
		};
		1547C6B219748DDE0018BCEE /* Supporting Files */ = {
			isa = PBXGroup;
			children = (
				1547C6B319748DDE0018BCEE /* Info.plist */,
			);
			name = "Supporting Files";
			sourceTree = "<group>";
		};
/* End PBXGroup section */

/* Begin PBXNativeTarget section */
		1547C69A19748DDD0018BCEE /* RunLooperWithPortMessaging */ = {
			isa = PBXNativeTarget;
			buildConfigurationList = 1547C6B819748DDE0018BCEE /* Build configuration list for PBXNativeTarget "RunLooperWithPortMessaging" */;
			buildPhases = (
				1547C69719748DDD0018BCEE /* Sources */,
				1547C69819748DDD0018BCEE /* Frameworks */,
				1547C69919748DDD0018BCEE /* Resources */,
			);
			buildRules = (
			);
			dependencies = (
			);
			name = RunLooperWithPortMessaging;
			productName = RunLooperWithPortMessaging;
			productReference = 1547C69B19748DDD0018BCEE /* RunLooperWithPortMessaging.app */;
			productType = "com.apple.product-type.application";
		};
		1547C6AD19748DDE0018BCEE /* RunLooperWithPortMessagingTests */ = {
			isa = PBXNativeTarget;
			buildConfigurationList = 1547C6BB19748DDE0018BCEE /* Build configuration list for PBXNativeTarget "RunLooperWithPortMessagingTests" */;
			buildPhases = (
				1547C6AA19748DDE0018BCEE /* Sources */,
				1547C6AB19748DDE0018BCEE /* Frameworks */,
				1547C6AC19748DDE0018BCEE /* Resources */,
			);
			buildRules = (
			);
			dependencies = (
				1547C6B019748DDE0018BCEE /* PBXTargetDependency */,
			);
			name = RunLooperWithPortMessagingTests;
			productName = RunLooperWithPortMessagingTests;
			productReference = 1547C6AE19748DDE0018BCEE /* RunLooperWithPortMessagingTests.xctest */;
			productType = "com.apple.product-type.bundle.unit-test";
		};
/* End PBXNativeTarget section */

/* Begin PBXProject section */
		1547C69319748DDD0018BCEE /* Project object */ = {
			isa = PBXProject;
			attributes = {
				LastUpgradeCheck = 0600;
				ORGANIZATIONNAME = "mar Jinn";
				TargetAttributes = {
					1547C69A19748DDD0018BCEE = {
						CreatedOnToolsVersion = 6.0;
					};
					1547C6AD19748DDE0018BCEE = {
						CreatedOnToolsVersion = 6.0;
						TestTargetID = 1547C69A19748DDD0018BCEE;
					};
				};
			};
			buildConfigurationList = 1547C69619748DDD0018BCEE /* Build configuration list for PBXProject "RunLooperWithPortMessaging" */;
			compatibilityVersion = "Xcode 3.2";
			developmentRegion = English;
			hasScannedForEncodings = 0;
			knownRegions = (
				en,
				Base,
			);
			mainGroup = 1547C69219748DDD0018BCEE;
			productRefGroup = 1547C69C19748DDD0018BCEE /* Products */;
			projectDirPath = "";
			projectRoot = "";
			targets = (
				1547C69A19748DDD0018BCEE /* RunLooperWithPortMessaging */,
				1547C6AD19748DDE0018BCEE /* RunLooperWithPortMessagingTests */,
			);
		};
/* End PBXProject section */

/* Begin PBXResourcesBuildPhase section */
		1547C69919748DDD0018BCEE /* Resources */ = {
			isa = PBXResourcesBuildPhase;
			buildActionMask = 2147483647;
			files = (
				1547C6A619748DDD0018BCEE /* Images.xcassets in Resources */,
				1547C6A919748DDD0018BCEE /* MainMenu.xib in Resources */,
			);
			runOnlyForDeploymentPostprocessing = 0;
		};
		1547C6AC19748DDE0018BCEE /* Resources */ = {
			isa = PBXResourcesBuildPhase;
			buildActionMask = 2147483647;
			files = (
			);
			runOnlyForDeploymentPostprocessing = 0;
		};
/* End PBXResourcesBuildPhase section */

/* Begin PBXSourcesBuildPhase section */
		1547C69719748DDD0018BCEE /* Sources */ = {
			isa = PBXSourcesBuildPhase;
			buildActionMask = 2147483647;
			files = (
				1547C6A419748DDD0018BCEE /* AppDelegate.m in Sources */,
				1547C6A119748DDD0018BCEE /* main.m in Sources */,
			);
			runOnlyForDeploymentPostprocessing = 0;
		};
		1547C6AA19748DDE0018BCEE /* Sources */ = {
			isa = PBXSourcesBuildPhase;
			buildActionMask = 2147483647;
			files = (
				1547C6B519748DDE0018BCEE /* RunLooperWithPortMessagingTests.m in Sources */,
			);
			runOnlyForDeploymentPostprocessing = 0;
		};
/* End PBXSourcesBuildPhase section */

/* Begin PBXTargetDependency section */
		1547C6B019748DDE0018BCEE /* PBXTargetDependency */ = {
			isa = PBXTargetDependency;
			target = 1547C69A19748DDD0018BCEE /* RunLooperWithPortMessaging */;
			targetProxy = 1547C6AF19748DDE0018BCEE /* PBXContainerItemProxy */;
		};
/* End PBXTargetDependency section */

/* Begin PBXVariantGroup section */
		1547C6A719748DDD0018BCEE /* MainMenu.xib */ = {
			isa = PBXVariantGroup;
			children = (
				1547C6A819748DDD0018BCEE /* Base */,
			);
			name = MainMenu.xib;
			sourceTree = "<group>";
		};
/* End PBXVariantGroup section */

/* Begin XCBuildConfiguration section */
		1547C6B619748DDE0018BCEE /* Debug */ = {
			isa = XCBuildConfiguration;
			buildSettings = {
				ALWAYS_SEARCH_USER_PATHS = NO;
				CLANG_CXX_LANGUAGE_STANDARD = "gnu++0x";
				CLANG_CXX_LIBRARY = "libc++";
				CLANG_ENABLE_MODULES = YES;
				CLANG_ENABLE_OBJC_ARC = YES;
				CLANG_WARN_BOOL_CONVERSION = YES;
				CLANG_WARN_CONSTANT_CONVERSION = YES;
				CLANG_WARN_DIRECT_OBJC_ISA_USAGE = YES_ERROR;
				CLANG_WARN_EMPTY_BODY = YES;
				CLANG_WARN_ENUM_CONVERSION = YES;
				CLANG_WARN_INT_CONVERSION = YES;
				CLANG_WARN_OBJC_ROOT_CLASS = YES_ERROR;
				CLANG_WARN_UNREACHABLE_CODE = YES;
				CLANG_WARN__DUPLICATE_METHOD_MATCH = YES;
				CODE_SIGN_IDENTITY = "-";
				COPY_PHASE_STRIP = NO;
				ENABLE_STRICT_OBJC_MSGSEND = YES;
				GCC_C_LANGUAGE_STANDARD = gnu99;
				GCC_DYNAMIC_NO_PIC = NO;
				GCC_OPTIMIZATION_LEVEL = 0;
				GCC_PREPROCESSOR_DEFINITIONS = (
					"DEBUG=1",
					"$(inherited)",
				);
				GCC_SYMBOLS_PRIVATE_EXTERN = NO;
				GCC_WARN_64_TO_32_BIT_CONVERSION = YES;
				GCC_WARN_ABOUT_RETURN_TYPE = YES_ERROR;
				GCC_WARN_UNDECLARED_SELECTOR = YES;
				GCC_WARN_UNINITIALIZED_AUTOS = YES_AGGRESSIVE;
				GCC_WARN_UNUSED_FUNCTION = YES;
				GCC_WARN_UNUSED_VARIABLE = YES;
				MACOSX_DEPLOYMENT_TARGET = 10.9;
				METAL_ENABLE_DEBUG_INFO = YES;
				ONLY_ACTIVE_ARCH = YES;
				SDKROOT = macosx;
			};
			name = Debug;
		};
		1547C6B719748DDE0018BCEE /* Release */ = {
			isa = XCBuildConfiguration;
			buildSettings = {
				ALWAYS_SEARCH_USER_PATHS = NO;
				CLANG_CXX_LANGUAGE_STANDARD = "gnu++0x";
				CLANG_CXX_LIBRARY = "libc++";
				CLANG_ENABLE_MODULES = YES;
				CLANG_ENABLE_OBJC_ARC = YES;
				CLANG_WARN_BOOL_CONVERSION = YES;
				CLANG_WARN_CONSTANT_CONVERSION = YES;
				CLANG_WARN_DIRECT_OBJC_ISA_USAGE = YES_ERROR;
				CLANG_WARN_EMPTY_BODY = YES;
				CLANG_WARN_ENUM_CONVERSION = YES;
				CLANG_WARN_INT_CONVERSION = YES;
				CLANG_WARN_OBJC_ROOT_CLASS = YES_ERROR;
				CLANG_WARN_UNREACHABLE_CODE = YES;
				CLANG_WARN__DUPLICATE_METHOD_MATCH = YES;
				CODE_SIGN_IDENTITY = "-";
				COPY_PHASE_STRIP = YES;
				DEBUG_INFORMATION_FORMAT = "dwarf-with-dsym";
				ENABLE_NS_ASSERTIONS = NO;
				ENABLE_STRICT_OBJC_MSGSEND = YES;
				GCC_C_LANGUAGE_STANDARD = gnu99;
				GCC_WARN_64_TO_32_BIT_CONVERSION = YES;
				GCC_WARN_ABOUT_RETURN_TYPE = YES_ERROR;
				GCC_WARN_UNDECLARED_SELECTOR = YES;
				GCC_WARN_UNINITIALIZED_AUTOS = YES_AGGRESSIVE;
				GCC_WARN_UNUSED_FUNCTION = YES;
				GCC_WARN_UNUSED_VARIABLE = YES;
				MACOSX_DEPLOYMENT_TARGET = 10.9;
				METAL_ENABLE_DEBUG_INFO = NO;
				SDKROOT = macosx;
			};
			name = Release;
		};
		1547C6B919748DDE0018BCEE /* Debug */ = {
			isa = XCBuildConfiguration;
			buildSettings = {
				ASSETCATALOG_COMPILER_APPICON_NAME = AppIcon;
				COMBINE_HIDPI_IMAGES = YES;
				INFOPLIST_FILE = RunLooperWithPortMessaging/Info.plist;
				LD_RUNPATH_SEARCH_PATHS = "$(inherited) @executable_path/../Frameworks";
				PRODUCT_NAME = "$(TARGET_NAME)";
			};
			name = Debug;
		};
		1547C6BA19748DDE0018BCEE /* Release */ = {
			isa = XCBuildConfiguration;
			buildSettings = {
				ASSETCATALOG_COMPILER_APPICON_NAME = AppIcon;
				COMBINE_HIDPI_IMAGES = YES;
				INFOPLIST_FILE = RunLooperWithPortMessaging/Info.plist;
				LD_RUNPATH_SEARCH_PATHS = "$(inherited) @executable_path/../Frameworks";
				PRODUCT_NAME = "$(TARGET_NAME)";
			};
			name = Release;
		};
		1547C6BC19748DDE0018BCEE /* Debug */ = {
			isa = XCBuildConfiguration;
			buildSettings = {
				BUNDLE_LOADER = "$(BUILT_PRODUCTS_DIR)/RunLooperWithPortMessaging.app/Contents/MacOS/RunLooperWithPortMessaging";
				COMBINE_HIDPI_IMAGES = YES;
				FRAMEWORK_SEARCH_PATHS = (
					"$(DEVELOPER_FRAMEWORKS_DIR)",
					"$(inherited)",
				);
				GCC_PREPROCESSOR_DEFINITIONS = (
					"DEBUG=1",
					"$(inherited)",
				);
				INFOPLIST_FILE = RunLooperWithPortMessagingTests/Info.plist;
				LD_RUNPATH_SEARCH_PATHS = "$(inherited) @executable_path/../Frameworks @loader_path/../Frameworks";
				METAL_ENABLE_DEBUG_INFO = YES;
				PRODUCT_NAME = "$(TARGET_NAME)";
				TEST_HOST = "$(BUNDLE_LOADER)";
			};
			name = Debug;
		};
		1547C6BD19748DDE0018BCEE /* Release */ = {
			isa = XCBuildConfiguration;
			buildSettings = {
				BUNDLE_LOADER = "$(BUILT_PRODUCTS_DIR)/RunLooperWithPortMessaging.app/Contents/MacOS/RunLooperWithPortMessaging";
				COMBINE_HIDPI_IMAGES = YES;
				FRAMEWORK_SEARCH_PATHS = (
					"$(DEVELOPER_FRAMEWORKS_DIR)",
					"$(inherited)",
				);
				INFOPLIST_FILE = RunLooperWithPortMessagingTests/Info.plist;
				LD_RUNPATH_SEARCH_PATHS = "$(inherited) @executable_path/../Frameworks @loader_path/../Frameworks";
				METAL_ENABLE_DEBUG_INFO = NO;
				PRODUCT_NAME = "$(TARGET_NAME)";
				TEST_HOST = "$(BUNDLE_LOADER)";
			};
			name = Release;
		};
/* End XCBuildConfiguration section */

/* Begin XCConfigurationList section */
		1547C69619748DDD0018BCEE /* Build configuration list for PBXProject "RunLooperWithPortMessaging" */ = {
			isa = XCConfigurationList;
			buildConfigurations = (
				1547C6B619748DDE0018BCEE /* Debug */,
				1547C6B719748DDE0018BCEE /* Release */,
			);
			defaultConfigurationIsVisible = 0;
			defaultConfigurationName = Release;
		};
		1547C6B819748DDE0018BCEE /* Build configuration list for PBXNativeTarget "RunLooperWithPortMessaging" */ = {
			isa = XCConfigurationList;
			buildConfigurations = (
				1547C6B919748DDE0018BCEE /* Debug */,
				1547C6BA19748DDE0018BCEE /* Release */,
			);
			defaultConfigurationIsVisible = 0;
		};
		1547C6BB19748DDE0018BCEE /* Build configuration list for PBXNativeTarget "RunLooperWithPortMessagingTests" */ = {
			isa = XCConfigurationList;
			buildConfigurations = (
				1547C6BC19748DDE0018BCEE /* Debug */,
				1547C6BD19748DDE0018BCEE /* Release */,
			);
			defaultConfigurationIsVisible = 0;
		};
/* End XCConfigurationList section */
	};
	rootObject = 1547C69319748DDD0018BCEE /* Project object */;
}
